// !$*UTF8*$!
{
	archiveVersion = 1;
	classes = {
	};
	objectVersion = 46;
	objects = {

/* Begin PBXBuildFile section */
		5D7ABB0F18A9250A00375C5B /* Foundation.framework in Frameworks */ = {isa = PBXBuildFile; fileRef = 5D7ABB0E18A9250A00375C5B /* Foundation.framework */; };
		5D7ABB1118A9250A00375C5B /* CoreGraphics.framework in Frameworks */ = {isa = PBXBuildFile; fileRef = 5D7ABB1018A9250A00375C5B /* CoreGraphics.framework */; };
		5D7ABB1318A9250A00375C5B /* UIKit.framework in Frameworks */ = {isa = PBXBuildFile; fileRef = 5D7ABB1218A9250A00375C5B /* UIKit.framework */; };
		5D7ABB1918A9250A00375C5B /* InfoPlist.strings in Resources */ = {isa = PBXBuildFile; fileRef = 5D7ABB1718A9250A00375C5B /* InfoPlist.strings */; };
		5D7ABB1B18A9250A00375C5B /* main.m in Sources */ = {isa = PBXBuildFile; fileRef = 5D7ABB1A18A9250A00375C5B /* main.m */; };
		5D7ABB1F18A9250A00375C5B /* GUPAppDelegate.m in Sources */ = {isa = PBXBuildFile; fileRef = 5D7ABB1E18A9250A00375C5B /* GUPAppDelegate.m */; };
		5D7ABB2218A9250A00375C5B /* Main_iPhone.storyboard in Resources */ = {isa = PBXBuildFile; fileRef = 5D7ABB2018A9250A00375C5B /* Main_iPhone.storyboard */; };
		5D7ABB2518A9250A00375C5B /* Main_iPad.storyboard in Resources */ = {isa = PBXBuildFile; fileRef = 5D7ABB2318A9250A00375C5B /* Main_iPad.storyboard */; };
		5D7ABB2818A9250A00375C5B /* GUPViewController.m in Sources */ = {isa = PBXBuildFile; fileRef = 5D7ABB2718A9250A00375C5B /* GUPViewController.m */; };
		5D7ABB2A18A9250A00375C5B /* Images.xcassets in Resources */ = {isa = PBXBuildFile; fileRef = 5D7ABB2918A9250A00375C5B /* Images.xcassets */; };
		5D7ABB3118A9250B00375C5B /* XCTest.framework in Frameworks */ = {isa = PBXBuildFile; fileRef = 5D7ABB3018A9250B00375C5B /* XCTest.framework */; };
		5D7ABB3218A9250B00375C5B /* Foundation.framework in Frameworks */ = {isa = PBXBuildFile; fileRef = 5D7ABB0E18A9250A00375C5B /* Foundation.framework */; };
		5D7ABB3318A9250B00375C5B /* UIKit.framework in Frameworks */ = {isa = PBXBuildFile; fileRef = 5D7ABB1218A9250A00375C5B /* UIKit.framework */; };
		5D7ABB3B18A9250B00375C5B /* InfoPlist.strings in Resources */ = {isa = PBXBuildFile; fileRef = 5D7ABB3918A9250B00375C5B /* InfoPlist.strings */; };
		5D7ABB3D18A9250B00375C5B /* ninjanamegeneratorTests.m in Sources */ = {isa = PBXBuildFile; fileRef = 5D7ABB3C18A9250B00375C5B /* ninjanamegeneratorTests.m */; };
		5D813CE118A93583000D503E /* FamilyName.plist in Resources */ = {isa = PBXBuildFile; fileRef = 5D813CE018A93583000D503E /* FamilyName.plist */; };
		5D813CE318A9360F000D503E /* PopularName.plist in Resources */ = {isa = PBXBuildFile; fileRef = 5D813CE218A9360F000D503E /* PopularName.plist */; };
		5D813CE518A93622000D503E /* FirstName.plist in Resources */ = {isa = PBXBuildFile; fileRef = 5D813CE418A93622000D503E /* FirstName.plist */; };
		5D813CE718A94A84000D503E /* Social.framework in Frameworks */ = {isa = PBXBuildFile; fileRef = 5D813CE618A94A84000D503E /* Social.framework */; };
		5D813CEE18A96031000D503E /* Localizable.strings in Resources */ = {isa = PBXBuildFile; fileRef = 5D813CF018A96031000D503E /* Localizable.strings */; };
/* End PBXBuildFile section */

/* Begin PBXContainerItemProxy section */
		5D7ABB3418A9250B00375C5B /* PBXContainerItemProxy */ = {
			isa = PBXContainerItemProxy;
			containerPortal = 5D7ABB0318A9250A00375C5B /* Project object */;
			proxyType = 1;
			remoteGlobalIDString = 5D7ABB0A18A9250A00375C5B;
			remoteInfo = ninjanamegenerator;
		};
/* End PBXContainerItemProxy section */

/* Begin PBXFileReference section */
		5D7ABB0B18A9250A00375C5B /* ninjanamegenerator.app */ = {isa = PBXFileReference; explicitFileType = wrapper.application; includeInIndex = 0; path = ninjanamegenerator.app; sourceTree = BUILT_PRODUCTS_DIR; };
		5D7ABB0E18A9250A00375C5B /* Foundation.framework */ = {isa = PBXFileReference; lastKnownFileType = wrapper.framework; name = Foundation.framework; path = System/Library/Frameworks/Foundation.framework; sourceTree = SDKROOT; };
		5D7ABB1018A9250A00375C5B /* CoreGraphics.framework */ = {isa = PBXFileReference; lastKnownFileType = wrapper.framework; name = CoreGraphics.framework; path = System/Library/Frameworks/CoreGraphics.framework; sourceTree = SDKROOT; };
		5D7ABB1218A9250A00375C5B /* UIKit.framework */ = {isa = PBXFileReference; lastKnownFileType = wrapper.framework; name = UIKit.framework; path = System/Library/Frameworks/UIKit.framework; sourceTree = SDKROOT; };
		5D7ABB1618A9250A00375C5B /* ninjanamegenerator-Info.plist */ = {isa = PBXFileReference; lastKnownFileType = text.plist.xml; path = "ninjanamegenerator-Info.plist"; sourceTree = "<group>"; };
		5D7ABB1818A9250A00375C5B /* en */ = {isa = PBXFileReference; lastKnownFileType = text.plist.strings; name = en; path = en.lproj/InfoPlist.strings; sourceTree = "<group>"; };
		5D7ABB1A18A9250A00375C5B /* main.m */ = {isa = PBXFileReference; lastKnownFileType = sourcecode.c.objc; path = main.m; sourceTree = "<group>"; };
		5D7ABB1C18A9250A00375C5B /* ninjanamegenerator-Prefix.pch */ = {isa = PBXFileReference; lastKnownFileType = sourcecode.c.h; path = "ninjanamegenerator-Prefix.pch"; sourceTree = "<group>"; };
		5D7ABB1D18A9250A00375C5B /* GUPAppDelegate.h */ = {isa = PBXFileReference; lastKnownFileType = sourcecode.c.h; path = GUPAppDelegate.h; sourceTree = "<group>"; };
		5D7ABB1E18A9250A00375C5B /* GUPAppDelegate.m */ = {isa = PBXFileReference; lastKnownFileType = sourcecode.c.objc; path = GUPAppDelegate.m; sourceTree = "<group>"; };
		5D7ABB2118A9250A00375C5B /* Base */ = {isa = PBXFileReference; lastKnownFileType = file.storyboard; name = Base; path = Base.lproj/Main_iPhone.storyboard; sourceTree = "<group>"; };
		5D7ABB2418A9250A00375C5B /* Base */ = {isa = PBXFileReference; lastKnownFileType = file.storyboard; name = Base; path = Base.lproj/Main_iPad.storyboard; sourceTree = "<group>"; };
		5D7ABB2618A9250A00375C5B /* GUPViewController.h */ = {isa = PBXFileReference; lastKnownFileType = sourcecode.c.h; path = GUPViewController.h; sourceTree = "<group>"; };
		5D7ABB2718A9250A00375C5B /* GUPViewController.m */ = {isa = PBXFileReference; lastKnownFileType = sourcecode.c.objc; path = GUPViewController.m; sourceTree = "<group>"; };
		5D7ABB2918A9250A00375C5B /* Images.xcassets */ = {isa = PBXFileReference; lastKnownFileType = folder.assetcatalog; path = Images.xcassets; sourceTree = "<group>"; };
		5D7ABB2F18A9250B00375C5B /* ninjanamegeneratorTests.xctest */ = {isa = PBXFileReference; explicitFileType = wrapper.cfbundle; includeInIndex = 0; path = ninjanamegeneratorTests.xctest; sourceTree = BUILT_PRODUCTS_DIR; };
		5D7ABB3018A9250B00375C5B /* XCTest.framework */ = {isa = PBXFileReference; lastKnownFileType = wrapper.framework; name = XCTest.framework; path = Library/Frameworks/XCTest.framework; sourceTree = DEVELOPER_DIR; };
		5D7ABB3818A9250B00375C5B /* ninjanamegeneratorTests-Info.plist */ = {isa = PBXFileReference; lastKnownFileType = text.plist.xml; path = "ninjanamegeneratorTests-Info.plist"; sourceTree = "<group>"; };
		5D7ABB3A18A9250B00375C5B /* en */ = {isa = PBXFileReference; lastKnownFileType = text.plist.strings; name = en; path = en.lproj/InfoPlist.strings; sourceTree = "<group>"; };
		5D7ABB3C18A9250B00375C5B /* ninjanamegeneratorTests.m */ = {isa = PBXFileReference; lastKnownFileType = sourcecode.c.objc; path = ninjanamegeneratorTests.m; sourceTree = "<group>"; };
		5D813CE018A93583000D503E /* FamilyName.plist */ = {isa = PBXFileReference; fileEncoding = 4; lastKnownFileType = text.plist.xml; path = FamilyName.plist; sourceTree = "<group>"; };
		5D813CE218A9360F000D503E /* PopularName.plist */ = {isa = PBXFileReference; fileEncoding = 4; lastKnownFileType = text.plist.xml; path = PopularName.plist; sourceTree = "<group>"; };
		5D813CE418A93622000D503E /* FirstName.plist */ = {isa = PBXFileReference; fileEncoding = 4; lastKnownFileType = text.plist.xml; path = FirstName.plist; sourceTree = "<group>"; };
		5D813CE618A94A84000D503E /* Social.framework */ = {isa = PBXFileReference; lastKnownFileType = wrapper.framework; name = Social.framework; path = System/Library/Frameworks/Social.framework; sourceTree = SDKROOT; };
		5D813CEB18A94F55000D503E /* en */ = {isa = PBXFileReference; lastKnownFileType = text.plist.strings; name = en; path = en.lproj/Main_iPhone.strings; sourceTree = "<group>"; };
		5D813CEF18A96031000D503E /* Base */ = {isa = PBXFileReference; lastKnownFileType = text.plist.strings; name = Base; path = Base.lproj/Localizable.strings; sourceTree = "<group>"; };
		5D813CF118A96037000D503E /* en */ = {isa = PBXFileReference; lastKnownFileType = text.plist.strings; name = en; path = en.lproj/Localizable.strings; sourceTree = "<group>"; };
		5D813CF618A967BD000D503E /* Base */ = {isa = PBXFileReference; lastKnownFileType = text.plist.strings; name = Base; path = Base.lproj/InfoPlist.strings; sourceTree = "<group>"; };
/* End PBXFileReference section */

/* Begin PBXFrameworksBuildPhase section */
		5D7ABB0818A9250A00375C5B /* Frameworks */ = {
			isa = PBXFrameworksBuildPhase;
			buildActionMask = 2147483647;
			files = (
				5D813CE718A94A84000D503E /* Social.framework in Frameworks */,
				5D7ABB1118A9250A00375C5B /* CoreGraphics.framework in Frameworks */,
				5D7ABB1318A9250A00375C5B /* UIKit.framework in Frameworks */,
				5D7ABB0F18A9250A00375C5B /* Foundation.framework in Frameworks */,
			);
			runOnlyForDeploymentPostprocessing = 0;
		};
		5D7ABB2C18A9250B00375C5B /* Frameworks */ = {
			isa = PBXFrameworksBuildPhase;
			buildActionMask = 2147483647;
			files = (
				5D7ABB3118A9250B00375C5B /* XCTest.framework in Frameworks */,
				5D7ABB3318A9250B00375C5B /* UIKit.framework in Frameworks */,
				5D7ABB3218A9250B00375C5B /* Foundation.framework in Frameworks */,
			);
			runOnlyForDeploymentPostprocessing = 0;
		};
/* End PBXFrameworksBuildPhase section */

/* Begin PBXGroup section */
		5D7ABB0218A9250A00375C5B = {
			isa = PBXGroup;
			children = (
				5D7ABB1418A9250A00375C5B /* ninjanamegenerator */,
				5D7ABB3618A9250B00375C5B /* ninjanamegeneratorTests */,
				5D7ABB0D18A9250A00375C5B /* Frameworks */,
				5D7ABB0C18A9250A00375C5B /* Products */,
			);
			sourceTree = "<group>";
		};
		5D7ABB0C18A9250A00375C5B /* Products */ = {
			isa = PBXGroup;
			children = (
				5D7ABB0B18A9250A00375C5B /* ninjanamegenerator.app */,
				5D7ABB2F18A9250B00375C5B /* ninjanamegeneratorTests.xctest */,
			);
			name = Products;
			sourceTree = "<group>";
		};
		5D7ABB0D18A9250A00375C5B /* Frameworks */ = {
			isa = PBXGroup;
			children = (
				5D813CE618A94A84000D503E /* Social.framework */,
				5D7ABB0E18A9250A00375C5B /* Foundation.framework */,
				5D7ABB1018A9250A00375C5B /* CoreGraphics.framework */,
				5D7ABB1218A9250A00375C5B /* UIKit.framework */,
				5D7ABB3018A9250B00375C5B /* XCTest.framework */,
			);
			name = Frameworks;
			sourceTree = "<group>";
		};
		5D7ABB1418A9250A00375C5B /* ninjanamegenerator */ = {
			isa = PBXGroup;
			children = (
				5D7ABB1D18A9250A00375C5B /* GUPAppDelegate.h */,
				5D7ABB1E18A9250A00375C5B /* GUPAppDelegate.m */,
				5D7ABB2018A9250A00375C5B /* Main_iPhone.storyboard */,
				5D7ABB2318A9250A00375C5B /* Main_iPad.storyboard */,
				5D7ABB2618A9250A00375C5B /* GUPViewController.h */,
				5D7ABB2718A9250A00375C5B /* GUPViewController.m */,
				5D7ABB2918A9250A00375C5B /* Images.xcassets */,
				5D7ABB1518A9250A00375C5B /* Supporting Files */,
			);
			path = ninjanamegenerator;
			sourceTree = "<group>";
		};
		5D7ABB1518A9250A00375C5B /* Supporting Files */ = {
			isa = PBXGroup;
			children = (
				5D7ABB1618A9250A00375C5B /* ninjanamegenerator-Info.plist */,
				5D7ABB1718A9250A00375C5B /* InfoPlist.strings */,
				5D7ABB1A18A9250A00375C5B /* main.m */,
				5D7ABB1C18A9250A00375C5B /* ninjanamegenerator-Prefix.pch */,
				5D813CE018A93583000D503E /* FamilyName.plist */,
				5D813CE218A9360F000D503E /* PopularName.plist */,
				5D813CE418A93622000D503E /* FirstName.plist */,
				5D813CF018A96031000D503E /* Localizable.strings */,
			);
			name = "Supporting Files";
			sourceTree = "<group>";
		};
		5D7ABB3618A9250B00375C5B /* ninjanamegeneratorTests */ = {
			isa = PBXGroup;
			children = (
				5D7ABB3C18A9250B00375C5B /* ninjanamegeneratorTests.m */,
				5D7ABB3718A9250B00375C5B /* Supporting Files */,
			);
			path = ninjanamegeneratorTests;
			sourceTree = "<group>";
		};
		5D7ABB3718A9250B00375C5B /* Supporting Files */ = {
			isa = PBXGroup;
			children = (
				5D7ABB3818A9250B00375C5B /* ninjanamegeneratorTests-Info.plist */,
				5D7ABB3918A9250B00375C5B /* InfoPlist.strings */,
			);
			name = "Supporting Files";
			sourceTree = "<group>";
		};
/* End PBXGroup section */

/* Begin PBXNativeTarget section */
		5D7ABB0A18A9250A00375C5B /* ninjanamegenerator */ = {
			isa = PBXNativeTarget;
			buildConfigurationList = 5D7ABB4018A9250B00375C5B /* Build configuration list for PBXNativeTarget "ninjanamegenerator" */;
			buildPhases = (
				5D7ABB0718A9250A00375C5B /* Sources */,
				5D7ABB0818A9250A00375C5B /* Frameworks */,
				5D7ABB0918A9250A00375C5B /* Resources */,
			);
			buildRules = (
			);
			dependencies = (
			);
			name = ninjanamegenerator;
			productName = ninjanamegenerator;
			productReference = 5D7ABB0B18A9250A00375C5B /* ninjanamegenerator.app */;
			productType = "com.apple.product-type.application";
		};
		5D7ABB2E18A9250B00375C5B /* ninjanamegeneratorTests */ = {
			isa = PBXNativeTarget;
			buildConfigurationList = 5D7ABB4318A9250B00375C5B /* Build configuration list for PBXNativeTarget "ninjanamegeneratorTests" */;
			buildPhases = (
				5D7ABB2B18A9250B00375C5B /* Sources */,
				5D7ABB2C18A9250B00375C5B /* Frameworks */,
				5D7ABB2D18A9250B00375C5B /* Resources */,
			);
			buildRules = (
			);
			dependencies = (
				5D7ABB3518A9250B00375C5B /* PBXTargetDependency */,
			);
			name = ninjanamegeneratorTests;
			productName = ninjanamegeneratorTests;
			productReference = 5D7ABB2F18A9250B00375C5B /* ninjanamegeneratorTests.xctest */;
			productType = "com.apple.product-type.bundle.unit-test";
		};
/* End PBXNativeTarget section */

/* Begin PBXProject section */
		5D7ABB0318A9250A00375C5B /* Project object */ = {
			isa = PBXProject;
			attributes = {
				CLASSPREFIX = GUP;
				LastUpgradeCheck = 0500;
				ORGANIZATIONNAME = Washi;
				TargetAttributes = {
					5D7ABB0A18A9250A00375C5B = {
						DevelopmentTeam = 6GF3N584VL;
					};
					5D7ABB2E18A9250B00375C5B = {
						TestTargetID = 5D7ABB0A18A9250A00375C5B;
					};
				};
			};
			buildConfigurationList = 5D7ABB0618A9250A00375C5B /* Build configuration list for PBXProject "ninjanamegenerator" */;
			compatibilityVersion = "Xcode 3.2";
			developmentRegion = English;
			hasScannedForEncodings = 0;
			knownRegions = (
				en,
				Base,
			);
			mainGroup = 5D7ABB0218A9250A00375C5B;
			productRefGroup = 5D7ABB0C18A9250A00375C5B /* Products */;
			projectDirPath = "";
			projectRoot = "";
			targets = (
				5D7ABB0A18A9250A00375C5B /* ninjanamegenerator */,
				5D7ABB2E18A9250B00375C5B /* ninjanamegeneratorTests */,
			);
		};
/* End PBXProject section */

/* Begin PBXResourcesBuildPhase section */
		5D7ABB0918A9250A00375C5B /* Resources */ = {
			isa = PBXResourcesBuildPhase;
			buildActionMask = 2147483647;
			files = (
				5D7ABB2518A9250A00375C5B /* Main_iPad.storyboard in Resources */,
				5D7ABB2A18A9250A00375C5B /* Images.xcassets in Resources */,
				5D813CE518A93622000D503E /* FirstName.plist in Resources */,
				5D7ABB2218A9250A00375C5B /* Main_iPhone.storyboard in Resources */,
				5D813CE318A9360F000D503E /* PopularName.plist in Resources */,
				5D813CEE18A96031000D503E /* Localizable.strings in Resources */,
				5D813CE118A93583000D503E /* FamilyName.plist in Resources */,
				5D7ABB1918A9250A00375C5B /* InfoPlist.strings in Resources */,
			);
			runOnlyForDeploymentPostprocessing = 0;
		};
		5D7ABB2D18A9250B00375C5B /* Resources */ = {
			isa = PBXResourcesBuildPhase;
			buildActionMask = 2147483647;
			files = (
				5D7ABB3B18A9250B00375C5B /* InfoPlist.strings in Resources */,
			);
			runOnlyForDeploymentPostprocessing = 0;
		};
/* End PBXResourcesBuildPhase section */

/* Begin PBXSourcesBuildPhase section */
		5D7ABB0718A9250A00375C5B /* Sources */ = {
			isa = PBXSourcesBuildPhase;
			buildActionMask = 2147483647;
			files = (
				5D7ABB1B18A9250A00375C5B /* main.m in Sources */,
				5D7ABB1F18A9250A00375C5B /* GUPAppDelegate.m in Sources */,
				5D7ABB2818A9250A00375C5B /* GUPViewController.m in Sources */,
			);
			runOnlyForDeploymentPostprocessing = 0;
		};
		5D7ABB2B18A9250B00375C5B /* Sources */ = {
			isa = PBXSourcesBuildPhase;
			buildActionMask = 2147483647;
			files = (
				5D7ABB3D18A9250B00375C5B /* ninjanamegeneratorTests.m in Sources */,
			);
			runOnlyForDeploymentPostprocessing = 0;
		};
/* End PBXSourcesBuildPhase section */

/* Begin PBXTargetDependency section */
		5D7ABB3518A9250B00375C5B /* PBXTargetDependency */ = {
			isa = PBXTargetDependency;
			target = 5D7ABB0A18A9250A00375C5B /* ninjanamegenerator */;
			targetProxy = 5D7ABB3418A9250B00375C5B /* PBXContainerItemProxy */;
		};
/* End PBXTargetDependency section */

/* Begin PBXVariantGroup section */
		5D7ABB1718A9250A00375C5B /* InfoPlist.strings */ = {
			isa = PBXVariantGroup;
			children = (
				5D7ABB1818A9250A00375C5B /* en */,
				5D813CF618A967BD000D503E /* Base */,
			);
			name = InfoPlist.strings;
			sourceTree = "<group>";
		};
		5D7ABB2018A9250A00375C5B /* Main_iPhone.storyboard */ = {
			isa = PBXVariantGroup;
			children = (
				5D7ABB2118A9250A00375C5B /* Base */,
				5D813CEB18A94F55000D503E /* en */,
			);
			name = Main_iPhone.storyboard;
			sourceTree = "<group>";
		};
		5D7ABB2318A9250A00375C5B /* Main_iPad.storyboard */ = {
			isa = PBXVariantGroup;
			children = (
				5D7ABB2418A9250A00375C5B /* Base */,
			);
			name = Main_iPad.storyboard;
			sourceTree = "<group>";
		};
		5D7ABB3918A9250B00375C5B /* InfoPlist.strings */ = {
			isa = PBXVariantGroup;
			children = (
				5D7ABB3A18A9250B00375C5B /* en */,
			);
			name = InfoPlist.strings;
			sourceTree = "<group>";
		};
		5D813CF018A96031000D503E /* Localizable.strings */ = {
			isa = PBXVariantGroup;
			children = (
				5D813CEF18A96031000D503E /* Base */,
				5D813CF118A96037000D503E /* en */,
			);
			name = Localizable.strings;
			sourceTree = "<group>";
		};
/* End PBXVariantGroup section */

/* Begin XCBuildConfiguration section */
		5D7ABB3E18A9250B00375C5B /* Debug */ = {
			isa = XCBuildConfiguration;
			buildSettings = {
				ALWAYS_SEARCH_USER_PATHS = NO;
				ARCHS = "$(ARCHS_STANDARD_INCLUDING_64_BIT)";
				CLANG_CXX_LANGUAGE_STANDARD = "gnu++0x";
				CLANG_CXX_LIBRARY = "libc++";
				CLANG_ENABLE_MODULES = YES;
				CLANG_ENABLE_OBJC_ARC = YES;
				CLANG_WARN_BOOL_CONVERSION = YES;
				CLANG_WARN_CONSTANT_CONVERSION = YES;
				CLANG_WARN_DIRECT_OBJC_ISA_USAGE = YES_ERROR;
				CLANG_WARN_EMPTY_BODY = YES;
				CLANG_WARN_ENUM_CONVERSION = YES;
				CLANG_WARN_INT_CONVERSION = YES;
				CLANG_WARN_OBJC_ROOT_CLASS = YES_ERROR;
				CLANG_WARN__DUPLICATE_METHOD_MATCH = YES;
				CODE_SIGN_IDENTITY = "iPhone Developer";
				"CODE_SIGN_IDENTITY[sdk=iphoneos*]" = "iPhone Developer";
				COPY_PHASE_STRIP = NO;
				GCC_C_LANGUAGE_STANDARD = gnu99;
				GCC_DYNAMIC_NO_PIC = NO;
				GCC_OPTIMIZATION_LEVEL = 0;
				GCC_PREPROCESSOR_DEFINITIONS = (
					"DEBUG=1",
					"$(inherited)",
				);
				GCC_SYMBOLS_PRIVATE_EXTERN = NO;
				GCC_WARN_64_TO_32_BIT_CONVERSION = YES;
				GCC_WARN_ABOUT_RETURN_TYPE = YES_ERROR;
				GCC_WARN_UNDECLARED_SELECTOR = YES;
				GCC_WARN_UNINITIALIZED_AUTOS = YES;
				GCC_WARN_UNUSED_FUNCTION = YES;
				GCC_WARN_UNUSED_VARIABLE = YES;
				IPHONEOS_DEPLOYMENT_TARGET = 6.0;
				ONLY_ACTIVE_ARCH = YES;
				PROVISIONING_PROFILE = "2C7F7A91-2390-4313-9224-FA274B6FA70E";
				SDKROOT = iphoneos;
				TARGETED_DEVICE_FAMILY = "1,2";
			};
			name = Debug;
		};
		5D7ABB3F18A9250B00375C5B /* Release */ = {
			isa = XCBuildConfiguration;
			buildSettings = {
				ALWAYS_SEARCH_USER_PATHS = NO;
				ARCHS = "$(ARCHS_STANDARD_INCLUDING_64_BIT)";
				CLANG_CXX_LANGUAGE_STANDARD = "gnu++0x";
				CLANG_CXX_LIBRARY = "libc++";
				CLANG_ENABLE_MODULES = YES;
				CLANG_ENABLE_OBJC_ARC = YES;
				CLANG_WARN_BOOL_CONVERSION = YES;
				CLANG_WARN_CONSTANT_CONVERSION = YES;
				CLANG_WARN_DIRECT_OBJC_ISA_USAGE = YES_ERROR;
				CLANG_WARN_EMPTY_BODY = YES;
				CLANG_WARN_ENUM_CONVERSION = YES;
				CLANG_WARN_INT_CONVERSION = YES;
				CLANG_WARN_OBJC_ROOT_CLASS = YES_ERROR;
				CLANG_WARN__DUPLICATE_METHOD_MATCH = YES;
				CODE_SIGN_IDENTITY = "iPhone Developer";
				"CODE_SIGN_IDENTITY[sdk=iphoneos*]" = "iPhone Developer";
				COPY_PHASE_STRIP = YES;
				ENABLE_NS_ASSERTIONS = NO;
				GCC_C_LANGUAGE_STANDARD = gnu99;
				GCC_WARN_64_TO_32_BIT_CONVERSION = YES;
				GCC_WARN_ABOUT_RETURN_TYPE = YES_ERROR;
				GCC_WARN_UNDECLARED_SELECTOR = YES;
				GCC_WARN_UNINITIALIZED_AUTOS = YES;
				GCC_WARN_UNUSED_FUNCTION = YES;
				GCC_WARN_UNUSED_VARIABLE = YES;
				IPHONEOS_DEPLOYMENT_TARGET = 6.0;
				PROVISIONING_PROFILE = "2C7F7A91-2390-4313-9224-FA274B6FA70E";
				SDKROOT = iphoneos;
				TARGETED_DEVICE_FAMILY = "1,2";
				VALIDATE_PRODUCT = YES;
			};
			name = Release;
		};
		5D7ABB4118A9250B00375C5B /* Debug */ = {
			isa = XCBuildConfiguration;
			buildSettings = {
				ASSETCATALOG_COMPILER_APPICON_NAME = AppIcon;
				ASSETCATALOG_COMPILER_LAUNCHIMAGE_NAME = LaunchImage;
				CODE_SIGN_IDENTITY = "iPhone Developer";
				GCC_PRECOMPILE_PREFIX_HEADER = YES;
				GCC_PREFIX_HEADER = "ninjanamegenerator/ninjanamegenerator-Prefix.pch";
				INFOPLIST_FILE = "ninjanamegenerator/ninjanamegenerator-Info.plist";
				PRODUCT_NAME = "$(TARGET_NAME)";
				WRAPPER_EXTENSION = app;
			};
			name = Debug;
		};
		5D7ABB4218A9250B00375C5B /* Release */ = {
			isa = XCBuildConfiguration;
			buildSettings = {
				ASSETCATALOG_COMPILER_APPICON_NAME = AppIcon;
				ASSETCATALOG_COMPILER_LAUNCHIMAGE_NAME = LaunchImage;
				CODE_SIGN_IDENTITY = "iPhone Developer";
				GCC_PRECOMPILE_PREFIX_HEADER = YES;
				GCC_PREFIX_HEADER = "ninjanamegenerator/ninjanamegenerator-Prefix.pch";
				INFOPLIST_FILE = "ninjanamegenerator/ninjanamegenerator-Info.plist";
				PRODUCT_NAME = "$(TARGET_NAME)";
				WRAPPER_EXTENSION = app;
			};
			name = Release;
		};
		5D7ABB4418A9250B00375C5B /* Debug */ = {
			isa = XCBuildConfiguration;
			buildSettings = {
				ARCHS = "$(ARCHS_STANDARD_INCLUDING_64_BIT)";
				BUNDLE_LOADER = "$(BUILT_PRODUCTS_DIR)/ninjanamegenerator.app/ninjanamegenerator";
				FRAMEWORK_SEARCH_PATHS = (
					"$(SDKROOT)/Developer/Library/Frameworks",
					"$(inherited)",
					"$(DEVELOPER_FRAMEWORKS_DIR)",
				);
				GCC_PRECOMPILE_PREFIX_HEADER = YES;
				GCC_PREFIX_HEADER = "ninjanamegenerator/ninjanamegenerator-Prefix.pch";
				GCC_PREPROCESSOR_DEFINITIONS = (
					"DEBUG=1",
					"$(inherited)",
				);
				INFOPLIST_FILE = "ninjanamegeneratorTests/ninjanamegeneratorTests-Info.plist";
				PRODUCT_NAME = "$(TARGET_NAME)";
				TEST_HOST = "$(BUNDLE_LOADER)";
				WRAPPER_EXTENSION = xctest;
			};
			name = Debug;
		};
		5D7ABB4518A9250B00375C5B /* Release */ = {
			isa = XCBuildConfiguration;
			buildSettings = {
				ARCHS = "$(ARCHS_STANDARD_INCLUDING_64_BIT)";
				BUNDLE_LOADER = "$(BUILT_PRODUCTS_DIR)/ninjanamegenerator.app/ninjanamegenerator";
				FRAMEWORK_SEARCH_PATHS = (
					"$(SDKROOT)/Developer/Library/Frameworks",
					"$(inherited)",
					"$(DEVELOPER_FRAMEWORKS_DIR)",
				);
				GCC_PRECOMPILE_PREFIX_HEADER = YES;
				GCC_PREFIX_HEADER = "ninjanamegenerator/ninjanamegenerator-Prefix.pch";
				INFOPLIST_FILE = "ninjanamegeneratorTests/ninjanamegeneratorTests-Info.plist";
				PRODUCT_NAME = "$(TARGET_NAME)";
				TEST_HOST = "$(BUNDLE_LOADER)";
				WRAPPER_EXTENSION = xctest;
			};
			name = Release;
		};
/* End XCBuildConfiguration section */

/* Begin XCConfigurationList section */
		5D7ABB0618A9250A00375C5B /* Build configuration list for PBXProject "ninjanamegenerator" */ = {
			isa = XCConfigurationList;
			buildConfigurations = (
				5D7ABB3E18A9250B00375C5B /* Debug */,
				5D7ABB3F18A9250B00375C5B /* Release */,
			);
			defaultConfigurationIsVisible = 0;
			defaultConfigurationName = Release;
		};
		5D7ABB4018A9250B00375C5B /* Build configuration list for PBXNativeTarget "ninjanamegenerator" */ = {
			isa = XCConfigurationList;
			buildConfigurations = (
				5D7ABB4118A9250B00375C5B /* Debug */,
				5D7ABB4218A9250B00375C5B /* Release */,
			);
			defaultConfigurationIsVisible = 0;
			defaultConfigurationName = Release;
		};
		5D7ABB4318A9250B00375C5B /* Build configuration list for PBXNativeTarget "ninjanamegeneratorTests" */ = {
			isa = XCConfigurationList;
			buildConfigurations = (
				5D7ABB4418A9250B00375C5B /* Debug */,
				5D7ABB4518A9250B00375C5B /* Release */,
			);
			defaultConfigurationIsVisible = 0;
			defaultConfigurationName = Release;
		};
/* End XCConfigurationList section */
	};
	rootObject = 5D7ABB0318A9250A00375C5B /* Project object */;
}
